
Microsoft Visual Studio Solution File, Format Version 12.00
# Visual Studio Version 16
VisualStudioVersion = 16.0.31321.278
MinimumVisualStudioVersion = 10.0.40219.1
Project("{FAE04EC0-301F-11D3-BF4B-00C04F79EFBC}") = "cs_rechner", "cs_rechner.csproj", "{738AC7AA-3CC6-4BAE-9248-11FF03178BBF}"
EndProject
Global
	GlobalSection(SolutionConfigurationPlatforms) = preSolution
		Debug|Any CPU = Debug|Any CPU
		Release|Any CPU = Release|Any CPU
	EndGlobalSection
	GlobalSection(ProjectConfigurationPlatforms) = postSolution
		{738AC7AA-3CC6-4BAE-9248-11FF03178BBF}.Debug|Any CPU.ActiveCfg = Debug|Any CPU
		{738AC7AA-3CC6-4BAE-9248-11FF03178BBF}.Debug|Any CPU.Build.0 = Debug|Any CPU
		{738AC7AA-3CC6-4BAE-9248-11FF03178BBF}.Release|Any CPU.ActiveCfg = Release|Any CPU
		{738AC7AA-3CC6-4BAE-9248-11FF03178BBF}.Release|Any CPU.Build.0 = Release|Any CPU
	EndGlobalSection
	GlobalSection(SolutionProperties) = preSolution
		HideSolutionNode = FALSE
	EndGlobalSection
	GlobalSection(ExtensibilityGlobals) = postSolution
		SolutionGuid = {2E7698AA-0392-4475-A44B-1355E76B993C}
	EndGlobalSection
EndGlobal
